
Microsoft Visual Studio Solution File, Format Version 12.00
# Visual Studio Version 17
VisualStudioVersion = 17.10.34928.147
MinimumVisualStudioVersion = 10.0.40219.1
Project("{FAE04EC0-301F-11D3-BF4B-00C04F79EFBC}") = "Varliklar", "Varliklar\Varliklar.csproj", "{DCCDEDB7-370B-4B71-AB60-8C976349A830}"
EndProject
Project("{FAE04EC0-301F-11D3-BF4B-00C04F79EFBC}") = "VeriBaglantisi", "VeriBaglantisi\VeriBaglantisi.csproj", "{8618D29A-ED63-4118-B731-52C1734EE05D}"
EndProject
Project("{FAE04EC0-301F-11D3-BF4B-00C04F79EFBC}") = "İnterfaceler", "İnterfaceler\İnterfaceler.csproj", "{19F623A3-A869-4880-B729-4BA09EA88215}"
EndProject
Project("{FAE04EC0-301F-11D3-BF4B-00C04F79EFBC}") = "İslemler", "İslemler\İslemler.csproj", "{E411DB0F-0E08-4CEF-8D9A-2FAA8EF59BC5}"
EndProject
Project("{FAE04EC0-301F-11D3-BF4B-00C04F79EFBC}") = "SinavOturumlariuyg", "SinavOturumlariuyg\SinavOturumlariuyg.csproj", "{298930E2-273B-4FC3-BC18-6A1337F39CBC}"
EndProject
Global
	GlobalSection(SolutionConfigurationPlatforms) = preSolution
		Debug|Any CPU = Debug|Any CPU
		Release|Any CPU = Release|Any CPU
	EndGlobalSection
	GlobalSection(ProjectConfigurationPlatforms) = postSolution
		{DCCDEDB7-370B-4B71-AB60-8C976349A830}.Debug|Any CPU.ActiveCfg = Debug|Any CPU
		{DCCDEDB7-370B-4B71-AB60-8C976349A830}.Debug|Any CPU.Build.0 = Debug|Any CPU
		{DCCDEDB7-370B-4B71-AB60-8C976349A830}.Release|Any CPU.ActiveCfg = Release|Any CPU
		{DCCDEDB7-370B-4B71-AB60-8C976349A830}.Release|Any CPU.Build.0 = Release|Any CPU
		{8618D29A-ED63-4118-B731-52C1734EE05D}.Debug|Any CPU.ActiveCfg = Debug|Any CPU
		{8618D29A-ED63-4118-B731-52C1734EE05D}.Debug|Any CPU.Build.0 = Debug|Any CPU
		{8618D29A-ED63-4118-B731-52C1734EE05D}.Release|Any CPU.ActiveCfg = Release|Any CPU
		{8618D29A-ED63-4118-B731-52C1734EE05D}.Release|Any CPU.Build.0 = Release|Any CPU
		{19F623A3-A869-4880-B729-4BA09EA88215}.Debug|Any CPU.ActiveCfg = Debug|Any CPU
		{19F623A3-A869-4880-B729-4BA09EA88215}.Debug|Any CPU.Build.0 = Debug|Any CPU
		{19F623A3-A869-4880-B729-4BA09EA88215}.Release|Any CPU.ActiveCfg = Release|Any CPU
		{19F623A3-A869-4880-B729-4BA09EA88215}.Release|Any CPU.Build.0 = Release|Any CPU
		{E411DB0F-0E08-4CEF-8D9A-2FAA8EF59BC5}.Debug|Any CPU.ActiveCfg = Debug|Any CPU
		{E411DB0F-0E08-4CEF-8D9A-2FAA8EF59BC5}.Debug|Any CPU.Build.0 = Debug|Any CPU
		{E411DB0F-0E08-4CEF-8D9A-2FAA8EF59BC5}.Release|Any CPU.ActiveCfg = Release|Any CPU
		{E411DB0F-0E08-4CEF-8D9A-2FAA8EF59BC5}.Release|Any CPU.Build.0 = Release|Any CPU
		{298930E2-273B-4FC3-BC18-6A1337F39CBC}.Debug|Any CPU.ActiveCfg = Debug|Any CPU
		{298930E2-273B-4FC3-BC18-6A1337F39CBC}.Debug|Any CPU.Build.0 = Debug|Any CPU
		{298930E2-273B-4FC3-BC18-6A1337F39CBC}.Release|Any CPU.ActiveCfg = Release|Any CPU
		{298930E2-273B-4FC3-BC18-6A1337F39CBC}.Release|Any CPU.Build.0 = Release|Any CPU
	EndGlobalSection
	GlobalSection(SolutionProperties) = preSolution
		HideSolutionNode = FALSE
	EndGlobalSection
	GlobalSection(ExtensibilityGlobals) = postSolution
		SolutionGuid = {6AA3A0E9-1CD7-4CB1-870E-A60669CD52C4}
	EndGlobalSection
EndGlobal
